
Microsoft Visual Studio Solution File, Format Version 12.00
# Visual Studio Version 16
VisualStudioVersion = 16.0.31729.503
MinimumVisualStudioVersion = 10.0.40219.1
Project("{FAE04EC0-301F-11D3-BF4B-00C04F79EFBC}") = "LinkedListDay14", "LinkedListDay14\LinkedListDay14.csproj", "{6329076F-C7B2-412F-9AFE-6911C844A3C3}"
EndProject
Global
	GlobalSection(SolutionConfigurationPlatforms) = preSolution
		Debug|Any CPU = Debug|Any CPU
		Release|Any CPU = Release|Any CPU
	EndGlobalSection
	GlobalSection(ProjectConfigurationPlatforms) = postSolution
		{6329076F-C7B2-412F-9AFE-6911C844A3C3}.Debug|Any CPU.ActiveCfg = Debug|Any CPU
		{6329076F-C7B2-412F-9AFE-6911C844A3C3}.Debug|Any CPU.Build.0 = Debug|Any CPU
		{6329076F-C7B2-412F-9AFE-6911C844A3C3}.Release|Any CPU.ActiveCfg = Release|Any CPU
		{6329076F-C7B2-412F-9AFE-6911C844A3C3}.Release|Any CPU.Build.0 = Release|Any CPU
	EndGlobalSection
	GlobalSection(SolutionProperties) = preSolution
		HideSolutionNode = FALSE
	EndGlobalSection
	GlobalSection(ExtensibilityGlobals) = postSolution
		SolutionGuid = {B623947A-6B90-407B-921C-F354371CEC31}
	EndGlobalSection
EndGlobal
